// !$*UTF8*$!
{
	archiveVersion = 1;
	classes = {
	};
	objectVersion = 56;
	objects = {

/* Begin PBXBuildFile section */
		040BD01F28D63DD3003A97BA /* AppDelegate.swift in Sources */ = {isa = PBXBuildFile; fileRef = 040BD01E28D63DD3003A97BA /* AppDelegate.swift */; };
		040BD02128D63DD3003A97BA /* SceneDelegate.swift in Sources */ = {isa = PBXBuildFile; fileRef = 040BD02028D63DD3003A97BA /* SceneDelegate.swift */; };
		040BD02328D63DD3003A97BA /* HomeViewController.swift in Sources */ = {isa = PBXBuildFile; fileRef = 040BD02228D63DD3003A97BA /* HomeViewController.swift */; };
		040BD02828D63DD3003A97BA /* Assets.xcassets in Resources */ = {isa = PBXBuildFile; fileRef = 040BD02728D63DD3003A97BA /* Assets.xcassets */; };
		040BD02B28D63DD3003A97BA /* LaunchScreen.storyboard in Resources */ = {isa = PBXBuildFile; fileRef = 040BD02928D63DD3003A97BA /* LaunchScreen.storyboard */; };
		040BD03828D69112003A97BA /* CoinApi.swift in Sources */ = {isa = PBXBuildFile; fileRef = 040BD03728D69112003A97BA /* CoinApi.swift */; };
		040BD03B28D69175003A97BA /* CoinList.swift in Sources */ = {isa = PBXBuildFile; fileRef = 040BD03A28D69175003A97BA /* CoinList.swift */; };
		040BD03F28D7CDC3003A97BA /* Coin.swift in Sources */ = {isa = PBXBuildFile; fileRef = 040BD03E28D7CDC3003A97BA /* Coin.swift */; };
		040BD04128D7E631003A97BA /* HomeView.swift in Sources */ = {isa = PBXBuildFile; fileRef = 040BD04028D7E631003A97BA /* HomeView.swift */; };
		040BD04328D7EE47003A97BA /* CoinTableViewCell.swift in Sources */ = {isa = PBXBuildFile; fileRef = 040BD04228D7EE47003A97BA /* CoinTableViewCell.swift */; };
/* End PBXBuildFile section */

/* Begin PBXFileReference section */
		040BD01B28D63DD3003A97BA /* CoinFlipTestProject.app */ = {isa = PBXFileReference; explicitFileType = wrapper.application; includeInIndex = 0; path = CoinFlipTestProject.app; sourceTree = BUILT_PRODUCTS_DIR; };
		040BD01E28D63DD3003A97BA /* AppDelegate.swift */ = {isa = PBXFileReference; lastKnownFileType = sourcecode.swift; path = AppDelegate.swift; sourceTree = "<group>"; };
		040BD02028D63DD3003A97BA /* SceneDelegate.swift */ = {isa = PBXFileReference; lastKnownFileType = sourcecode.swift; path = SceneDelegate.swift; sourceTree = "<group>"; };
		040BD02228D63DD3003A97BA /* HomeViewController.swift */ = {isa = PBXFileReference; lastKnownFileType = sourcecode.swift; path = HomeViewController.swift; sourceTree = "<group>"; };
		040BD02728D63DD3003A97BA /* Assets.xcassets */ = {isa = PBXFileReference; lastKnownFileType = folder.assetcatalog; path = Assets.xcassets; sourceTree = "<group>"; };
		040BD02A28D63DD3003A97BA /* Base */ = {isa = PBXFileReference; lastKnownFileType = file.storyboard; name = Base; path = Base.lproj/LaunchScreen.storyboard; sourceTree = "<group>"; };
		040BD02C28D63DD3003A97BA /* Info.plist */ = {isa = PBXFileReference; lastKnownFileType = text.plist.xml; path = Info.plist; sourceTree = "<group>"; };
		040BD03728D69112003A97BA /* CoinApi.swift */ = {isa = PBXFileReference; lastKnownFileType = sourcecode.swift; path = CoinApi.swift; sourceTree = "<group>"; };
		040BD03A28D69175003A97BA /* CoinList.swift */ = {isa = PBXFileReference; lastKnownFileType = sourcecode.swift; path = CoinList.swift; sourceTree = "<group>"; };
		040BD03E28D7CDC3003A97BA /* Coin.swift */ = {isa = PBXFileReference; lastKnownFileType = sourcecode.swift; path = Coin.swift; sourceTree = "<group>"; };
		040BD04028D7E631003A97BA /* HomeView.swift */ = {isa = PBXFileReference; lastKnownFileType = sourcecode.swift; path = HomeView.swift; sourceTree = "<group>"; };
		040BD04228D7EE47003A97BA /* CoinTableViewCell.swift */ = {isa = PBXFileReference; lastKnownFileType = sourcecode.swift; path = CoinTableViewCell.swift; sourceTree = "<group>"; };
/* End PBXFileReference section */

/* Begin PBXFrameworksBuildPhase section */
		040BD01828D63DD3003A97BA /* Frameworks */ = {
			isa = PBXFrameworksBuildPhase;
			buildActionMask = 2147483647;
			files = (
			);
			runOnlyForDeploymentPostprocessing = 0;
		};
/* End PBXFrameworksBuildPhase section */

/* Begin PBXGroup section */
		040BD01228D63DD3003A97BA = {
			isa = PBXGroup;
			children = (
				040BD01D28D63DD3003A97BA /* CoinFlipTestProject */,
				040BD01C28D63DD3003A97BA /* Products */,
			);
			sourceTree = "<group>";
		};
		040BD01C28D63DD3003A97BA /* Products */ = {
			isa = PBXGroup;
			children = (
				040BD01B28D63DD3003A97BA /* CoinFlipTestProject.app */,
			);
			name = Products;
			sourceTree = "<group>";
		};
		040BD01D28D63DD3003A97BA /* CoinFlipTestProject */ = {
			isa = PBXGroup;
			children = (
				040BD03928D69166003A97BA /* Types */,
				040BD03C28D691AF003A97BA /* Delegates */,
				040BD03D28D691C9003A97BA /* Main Files */,
				040BD02728D63DD3003A97BA /* Assets.xcassets */,
				040BD02928D63DD3003A97BA /* LaunchScreen.storyboard */,
				040BD02C28D63DD3003A97BA /* Info.plist */,
			);
			path = CoinFlipTestProject;
			sourceTree = "<group>";
		};
		040BD03928D69166003A97BA /* Types */ = {
			isa = PBXGroup;
			children = (
				040BD03A28D69175003A97BA /* CoinList.swift */,
				040BD03E28D7CDC3003A97BA /* Coin.swift */,
			);
			path = Types;
			sourceTree = "<group>";
		};
		040BD03C28D691AF003A97BA /* Delegates */ = {
			isa = PBXGroup;
			children = (
				040BD01E28D63DD3003A97BA /* AppDelegate.swift */,
				040BD02028D63DD3003A97BA /* SceneDelegate.swift */,
			);
			path = Delegates;
			sourceTree = "<group>";
		};
		040BD03D28D691C9003A97BA /* Main Files */ = {
			isa = PBXGroup;
			children = (
				040BD02228D63DD3003A97BA /* HomeViewController.swift */,
				040BD04028D7E631003A97BA /* HomeView.swift */,
				040BD04228D7EE47003A97BA /* CoinTableViewCell.swift */,
				040BD03728D69112003A97BA /* CoinApi.swift */,
			);
			path = "Main Files";
			sourceTree = "<group>";
		};
/* End PBXGroup section */

/* Begin PBXNativeTarget section */
		040BD01A28D63DD3003A97BA /* CoinFlipTestProject */ = {
			isa = PBXNativeTarget;
			buildConfigurationList = 040BD02F28D63DD3003A97BA /* Build configuration list for PBXNativeTarget "CoinFlipTestProject" */;
			buildPhases = (
				040BD01728D63DD3003A97BA /* Sources */,
				040BD01828D63DD3003A97BA /* Frameworks */,
				040BD01928D63DD3003A97BA /* Resources */,
			);
			buildRules = (
			);
			dependencies = (
			);
			name = CoinFlipTestProject;
			productName = CoinFlipTestProject;
			productReference = 040BD01B28D63DD3003A97BA /* CoinFlipTestProject.app */;
			productType = "com.apple.product-type.application";
		};
/* End PBXNativeTarget section */

/* Begin PBXProject section */
		040BD01328D63DD3003A97BA /* Project object */ = {
			isa = PBXProject;
			attributes = {
				BuildIndependentTargetsInParallel = 1;
				LastSwiftUpdateCheck = 1400;
				LastUpgradeCheck = 1400;
				TargetAttributes = {
					040BD01A28D63DD3003A97BA = {
						CreatedOnToolsVersion = 14.0;
					};
				};
			};
			buildConfigurationList = 040BD01628D63DD3003A97BA /* Build configuration list for PBXProject "CoinFlipTestProject" */;
			compatibilityVersion = "Xcode 14.0";
			developmentRegion = en;
			hasScannedForEncodings = 0;
			knownRegions = (
				en,
				Base,
			);
			mainGroup = 040BD01228D63DD3003A97BA;
			productRefGroup = 040BD01C28D63DD3003A97BA /* Products */;
			projectDirPath = "";
			projectRoot = "";
			targets = (
				040BD01A28D63DD3003A97BA /* CoinFlipTestProject */,
			);
		};
/* End PBXProject section */

/* Begin PBXResourcesBuildPhase section */
		040BD01928D63DD3003A97BA /* Resources */ = {
			isa = PBXResourcesBuildPhase;
			buildActionMask = 2147483647;
			files = (
				040BD02B28D63DD3003A97BA /* LaunchScreen.storyboard in Resources */,
				040BD02828D63DD3003A97BA /* Assets.xcassets in Resources */,
			);
			runOnlyForDeploymentPostprocessing = 0;
		};
/* End PBXResourcesBuildPhase section */

/* Begin PBXSourcesBuildPhase section */
		040BD01728D63DD3003A97BA /* Sources */ = {
			isa = PBXSourcesBuildPhase;
			buildActionMask = 2147483647;
			files = (
				040BD02328D63DD3003A97BA /* HomeViewController.swift in Sources */,
				040BD04128D7E631003A97BA /* HomeView.swift in Sources */,
				040BD03B28D69175003A97BA /* CoinList.swift in Sources */,
				040BD01F28D63DD3003A97BA /* AppDelegate.swift in Sources */,
				040BD02128D63DD3003A97BA /* SceneDelegate.swift in Sources */,
				040BD03828D69112003A97BA /* CoinApi.swift in Sources */,
				040BD04328D7EE47003A97BA /* CoinTableViewCell.swift in Sources */,
				040BD03F28D7CDC3003A97BA /* Coin.swift in Sources */,
			);
			runOnlyForDeploymentPostprocessing = 0;
		};
/* End PBXSourcesBuildPhase section */

/* Begin PBXVariantGroup section */
		040BD02928D63DD3003A97BA /* LaunchScreen.storyboard */ = {
			isa = PBXVariantGroup;
			children = (
				040BD02A28D63DD3003A97BA /* Base */,
			);
			name = LaunchScreen.storyboard;
			sourceTree = "<group>";
		};
/* End PBXVariantGroup section */

/* Begin XCBuildConfiguration section */
		040BD02D28D63DD3003A97BA /* Debug */ = {
			isa = XCBuildConfiguration;
			buildSettings = {
				ALWAYS_SEARCH_USER_PATHS = NO;
				CLANG_ANALYZER_NONNULL = YES;
				CLANG_ANALYZER_NUMBER_OBJECT_CONVERSION = YES_AGGRESSIVE;
				CLANG_CXX_LANGUAGE_STANDARD = "gnu++20";
				CLANG_ENABLE_MODULES = YES;
				CLANG_ENABLE_OBJC_ARC = YES;
				CLANG_ENABLE_OBJC_WEAK = YES;
				CLANG_WARN_BLOCK_CAPTURE_AUTORELEASING = YES;
				CLANG_WARN_BOOL_CONVERSION = YES;
				CLANG_WARN_COMMA = YES;
				CLANG_WARN_CONSTANT_CONVERSION = YES;
				CLANG_WARN_DEPRECATED_OBJC_IMPLEMENTATIONS = YES;
				CLANG_WARN_DIRECT_OBJC_ISA_USAGE = YES_ERROR;
				CLANG_WARN_DOCUMENTATION_COMMENTS = YES;
				CLANG_WARN_EMPTY_BODY = YES;
				CLANG_WARN_ENUM_CONVERSION = YES;
				CLANG_WARN_INFINITE_RECURSION = YES;
				CLANG_WARN_INT_CONVERSION = YES;
				CLANG_WARN_NON_LITERAL_NULL_CONVERSION = YES;
				CLANG_WARN_OBJC_IMPLICIT_RETAIN_SELF = YES;
				CLANG_WARN_OBJC_LITERAL_CONVERSION = YES;
				CLANG_WARN_OBJC_ROOT_CLASS = YES_ERROR;
				CLANG_WARN_QUOTED_INCLUDE_IN_FRAMEWORK_HEADER = YES;
				CLANG_WARN_RANGE_LOOP_ANALYSIS = YES;
				CLANG_WARN_STRICT_PROTOTYPES = YES;
				CLANG_WARN_SUSPICIOUS_MOVE = YES;
				CLANG_WARN_UNGUARDED_AVAILABILITY = YES_AGGRESSIVE;
				CLANG_WARN_UNREACHABLE_CODE = YES;
				CLANG_WARN__DUPLICATE_METHOD_MATCH = YES;
				COPY_PHASE_STRIP = NO;
				DEBUG_INFORMATION_FORMAT = dwarf;
				ENABLE_STRICT_OBJC_MSGSEND = YES;
				ENABLE_TESTABILITY = YES;
				GCC_C_LANGUAGE_STANDARD = gnu11;
				GCC_DYNAMIC_NO_PIC = NO;
				GCC_NO_COMMON_BLOCKS = YES;
				GCC_OPTIMIZATION_LEVEL = 0;
				GCC_PREPROCESSOR_DEFINITIONS = (
					"DEBUG=1",
					"$(inherited)",
				);
				GCC_WARN_64_TO_32_BIT_CONVERSION = YES;
				GCC_WARN_ABOUT_RETURN_TYPE = YES_ERROR;
				GCC_WARN_UNDECLARED_SELECTOR = YES;
				GCC_WARN_UNINITIALIZED_AUTOS = YES_AGGRESSIVE;
				GCC_WARN_UNUSED_FUNCTION = YES;
				GCC_WARN_UNUSED_VARIABLE = YES;
				IPHONEOS_DEPLOYMENT_TARGET = 16.0;
				MTL_ENABLE_DEBUG_INFO = INCLUDE_SOURCE;
				MTL_FAST_MATH = YES;
				ONLY_ACTIVE_ARCH = YES;
				SDKROOT = iphoneos;
				SWIFT_ACTIVE_COMPILATION_CONDITIONS = DEBUG;
				SWIFT_OPTIMIZATION_LEVEL = "-Onone";
			};
			name = Debug;
		};
		040BD02E28D63DD3003A97BA /* Release */ = {
			isa = XCBuildConfiguration;
			buildSettings = {
				ALWAYS_SEARCH_USER_PATHS = NO;
				CLANG_ANALYZER_NONNULL = YES;
				CLANG_ANALYZER_NUMBER_OBJECT_CONVERSION = YES_AGGRESSIVE;
				CLANG_CXX_LANGUAGE_STANDARD = "gnu++20";
				CLANG_ENABLE_MODULES = YES;
				CLANG_ENABLE_OBJC_ARC = YES;
				CLANG_ENABLE_OBJC_WEAK = YES;
				CLANG_WARN_BLOCK_CAPTURE_AUTORELEASING = YES;
				CLANG_WARN_BOOL_CONVERSION = YES;
				CLANG_WARN_COMMA = YES;
				CLANG_WARN_CONSTANT_CONVERSION = YES;
				CLANG_WARN_DEPRECATED_OBJC_IMPLEMENTATIONS = YES;
				CLANG_WARN_DIRECT_OBJC_ISA_USAGE = YES_ERROR;
				CLANG_WARN_DOCUMENTATION_COMMENTS = YES;
				CLANG_WARN_EMPTY_BODY = YES;
				CLANG_WARN_ENUM_CONVERSION = YES;
				CLANG_WARN_INFINITE_RECURSION = YES;
				CLANG_WARN_INT_CONVERSION = YES;
				CLANG_WARN_NON_LITERAL_NULL_CONVERSION = YES;
				CLANG_WARN_OBJC_IMPLICIT_RETAIN_SELF = YES;
				CLANG_WARN_OBJC_LITERAL_CONVERSION = YES;
				CLANG_WARN_OBJC_ROOT_CLASS = YES_ERROR;
				CLANG_WARN_QUOTED_INCLUDE_IN_FRAMEWORK_HEADER = YES;
				CLANG_WARN_RANGE_LOOP_ANALYSIS = YES;
				CLANG_WARN_STRICT_PROTOTYPES = YES;
				CLANG_WARN_SUSPICIOUS_MOVE = YES;
				CLANG_WARN_UNGUARDED_AVAILABILITY = YES_AGGRESSIVE;
				CLANG_WARN_UNREACHABLE_CODE = YES;
				CLANG_WARN__DUPLICATE_METHOD_MATCH = YES;
				COPY_PHASE_STRIP = NO;
				DEBUG_INFORMATION_FORMAT = "dwarf-with-dsym";
				ENABLE_NS_ASSERTIONS = NO;
				ENABLE_STRICT_OBJC_MSGSEND = YES;
				GCC_C_LANGUAGE_STANDARD = gnu11;
				GCC_NO_COMMON_BLOCKS = YES;
				GCC_WARN_64_TO_32_BIT_CONVERSION = YES;
				GCC_WARN_ABOUT_RETURN_TYPE = YES_ERROR;
				GCC_WARN_UNDECLARED_SELECTOR = YES;
				GCC_WARN_UNINITIALIZED_AUTOS = YES_AGGRESSIVE;
				GCC_WARN_UNUSED_FUNCTION = YES;
				GCC_WARN_UNUSED_VARIABLE = YES;
				IPHONEOS_DEPLOYMENT_TARGET = 16.0;
				MTL_ENABLE_DEBUG_INFO = NO;
				MTL_FAST_MATH = YES;
				SDKROOT = iphoneos;
				SWIFT_COMPILATION_MODE = wholemodule;
				SWIFT_OPTIMIZATION_LEVEL = "-O";
				VALIDATE_PRODUCT = YES;
			};
			name = Release;
		};
		040BD03028D63DD3003A97BA /* Debug */ = {
			isa = XCBuildConfiguration;
			buildSettings = {
				ASSETCATALOG_COMPILER_APPICON_NAME = AppIcon;
				ASSETCATALOG_COMPILER_GLOBAL_ACCENT_COLOR_NAME = AccentColor;
				CODE_SIGN_STYLE = Automatic;
				CURRENT_PROJECT_VERSION = 1;
				GENERATE_INFOPLIST_FILE = YES;
				INFOPLIST_FILE = CoinFlipTestProject/Info.plist;
				INFOPLIST_KEY_CFBundleDisplayName = "CF Test Project";
				INFOPLIST_KEY_LSApplicationCategoryType = "public.app-category.finance";
				INFOPLIST_KEY_UIApplicationSupportsIndirectInputEvents = YES;
				INFOPLIST_KEY_UILaunchStoryboardName = LaunchScreen;
				INFOPLIST_KEY_UISupportedInterfaceOrientations = "UIInterfaceOrientationLandscapeRight UIInterfaceOrientationPortrait";
				INFOPLIST_KEY_UISupportedInterfaceOrientations_iPad = "UIInterfaceOrientationLandscapeLeft UIInterfaceOrientationLandscapeRight UIInterfaceOrientationPortrait UIInterfaceOrientationPortraitUpsideDown";
				LD_RUNPATH_SEARCH_PATHS = (
					"$(inherited)",
					"@executable_path/Frameworks",
				);
				MARKETING_VERSION = 1.0;
				PRODUCT_BUNDLE_IDENTIFIER = com.jacobgleason.CoinFlipTestProject.CoinFlipTestProject;
				PRODUCT_NAME = "$(TARGET_NAME)";
				SUPPORTED_PLATFORMS = "iphoneos iphonesimulator";
				SUPPORTS_MACCATALYST = NO;
				SUPPORTS_MAC_DESIGNED_FOR_IPHONE_IPAD = NO;
				SWIFT_EMIT_LOC_STRINGS = YES;
				SWIFT_VERSION = 5.0;
				TARGETED_DEVICE_FAMILY = 1;
			};
			name = Debug;
		};
		040BD03128D63DD3003A97BA /* Release */ = {
			isa = XCBuildConfiguration;
			buildSettings = {
				ASSETCATALOG_COMPILER_APPICON_NAME = AppIcon;
				ASSETCATALOG_COMPILER_GLOBAL_ACCENT_COLOR_NAME = AccentColor;
				CODE_SIGN_STYLE = Automatic;
				CURRENT_PROJECT_VERSION = 1;
				GENERATE_INFOPLIST_FILE = YES;
				INFOPLIST_FILE = CoinFlipTestProject/Info.plist;
				INFOPLIST_KEY_CFBundleDisplayName = "CF Test Project";
				INFOPLIST_KEY_LSApplicationCategoryType = "public.app-category.finance";
				INFOPLIST_KEY_UIApplicationSupportsIndirectInputEvents = YES;
				INFOPLIST_KEY_UILaunchStoryboardName = LaunchScreen;
				INFOPLIST_KEY_UISupportedInterfaceOrientations = "UIInterfaceOrientationLandscapeRight UIInterfaceOrientationPortrait";
				INFOPLIST_KEY_UISupportedInterfaceOrientations_iPad = "UIInterfaceOrientationLandscapeLeft UIInterfaceOrientationLandscapeRight UIInterfaceOrientationPortrait UIInterfaceOrientationPortraitUpsideDown";
				LD_RUNPATH_SEARCH_PATHS = (
					"$(inherited)",
					"@executable_path/Frameworks",
				);
				MARKETING_VERSION = 1.0;
				PRODUCT_BUNDLE_IDENTIFIER = com.jacobgleason.CoinFlipTestProject.CoinFlipTestProject;
				PRODUCT_NAME = "$(TARGET_NAME)";
				SUPPORTED_PLATFORMS = "iphoneos iphonesimulator";
				SUPPORTS_MACCATALYST = NO;
				SUPPORTS_MAC_DESIGNED_FOR_IPHONE_IPAD = NO;
				SWIFT_EMIT_LOC_STRINGS = YES;
				SWIFT_VERSION = 5.0;
				TARGETED_DEVICE_FAMILY = 1;
			};
			name = Release;
		};
/* End XCBuildConfiguration section */

/* Begin XCConfigurationList section */
		040BD01628D63DD3003A97BA /* Build configuration list for PBXProject "CoinFlipTestProject" */ = {
			isa = XCConfigurationList;
			buildConfigurations = (
				040BD02D28D63DD3003A97BA /* Debug */,
				040BD02E28D63DD3003A97BA /* Release */,
			);
			defaultConfigurationIsVisible = 0;
			defaultConfigurationName = Release;
		};
		040BD02F28D63DD3003A97BA /* Build configuration list for PBXNativeTarget "CoinFlipTestProject" */ = {
			isa = XCConfigurationList;
			buildConfigurations = (
				040BD03028D63DD3003A97BA /* Debug */,
				040BD03128D63DD3003A97BA /* Release */,
			);
			defaultConfigurationIsVisible = 0;
			defaultConfigurationName = Release;
		};
/* End XCConfigurationList section */
	};
	rootObject = 040BD01328D63DD3003A97BA /* Project object */;
}
